
Microsoft Visual Studio Solution File, Format Version 12.00
# Visual Studio 15
VisualStudioVersion = 15.0.28307.421
MinimumVisualStudioVersion = 10.0.40219.1
Project("{2150E333-8FDC-42A3-9474-1A3956D46DE8}") = "0 - Presentation", "0 - Presentation", "{6EB615E4-27B5-492F-BC8A-BF9EBAD4704F}"
EndProject
Project("{2150E333-8FDC-42A3-9474-1A3956D46DE8}") = "1 - Services", "1 - Services", "{5FCBA953-D272-4A23-82B7-526523A4FD53}"
EndProject
Project("{2150E333-8FDC-42A3-9474-1A3956D46DE8}") = "2 - Application", "2 - Application", "{7D6F32B5-791F-48BB-94CB-9957580C5055}"
EndProject
Project("{2150E333-8FDC-42A3-9474-1A3956D46DE8}") = "3 - Domain", "3 - Domain", "{5DAEA9E2-C680-4177-BCF6-9BABE139D365}"
EndProject
Project("{2150E333-8FDC-42A3-9474-1A3956D46DE8}") = "4 - Infra", "4 - Infra", "{9D51C8AD-48CD-49D0-9421-CFE46B575793}"
EndProject
Project("{2150E333-8FDC-42A3-9474-1A3956D46DE8}") = "4.1 - Data", "4.1 - Data", "{2240CF44-E44F-4FDF-B61B-09A04BDCCD97}"
EndProject
Project("{2150E333-8FDC-42A3-9474-1A3956D46DE8}") = "4.1 - CrossCutting", "4.1 - CrossCutting", "{0DB6A867-7402-4CA3-B305-27E8BCA56413}"
EndProject
Project("{FAE04EC0-301F-11D3-BF4B-00C04F79EFBC}") = "ProjetoModeloDDD.WebApi", "ProjetoModeloDDD.WebApi\ProjetoModeloDDD.WebApi.csproj", "{A318FBF9-CD86-4B1A-B9D5-C5EA1DB7AEA6}"
EndProject
Project("{FAE04EC0-301F-11D3-BF4B-00C04F79EFBC}") = "ProjetoModeloDDD.Domain", "ProjetoModeloDDD.Domain\ProjetoModeloDDD.Domain.csproj", "{EE41C1D7-4BCA-4F1F-8D62-36A73322FFCF}"
EndProject
Project("{FAE04EC0-301F-11D3-BF4B-00C04F79EFBC}") = "ProjetoModeloDDD.Infra.Data", "ProjetoModeloDDD.Infra.Data\ProjetoModeloDDD.Infra.Data.csproj", "{DB55A247-C62C-425E-9FAA-2E4607D9A056}"
EndProject
Project("{FAE04EC0-301F-11D3-BF4B-00C04F79EFBC}") = "ProjetoModeloDDD.Application", "ProjetoModeloDDD.Application\ProjetoModeloDDD.Application.csproj", "{09D33C7E-569C-409B-9322-6BB7F312773F}"
EndProject
Global
	GlobalSection(SolutionConfigurationPlatforms) = preSolution
		Debug|Any CPU = Debug|Any CPU
		Release|Any CPU = Release|Any CPU
	EndGlobalSection
	GlobalSection(ProjectConfigurationPlatforms) = postSolution
		{A318FBF9-CD86-4B1A-B9D5-C5EA1DB7AEA6}.Debug|Any CPU.ActiveCfg = Debug|Any CPU
		{A318FBF9-CD86-4B1A-B9D5-C5EA1DB7AEA6}.Debug|Any CPU.Build.0 = Debug|Any CPU
		{A318FBF9-CD86-4B1A-B9D5-C5EA1DB7AEA6}.Release|Any CPU.ActiveCfg = Release|Any CPU
		{A318FBF9-CD86-4B1A-B9D5-C5EA1DB7AEA6}.Release|Any CPU.Build.0 = Release|Any CPU
		{EE41C1D7-4BCA-4F1F-8D62-36A73322FFCF}.Debug|Any CPU.ActiveCfg = Debug|Any CPU
		{EE41C1D7-4BCA-4F1F-8D62-36A73322FFCF}.Debug|Any CPU.Build.0 = Debug|Any CPU
		{EE41C1D7-4BCA-4F1F-8D62-36A73322FFCF}.Release|Any CPU.ActiveCfg = Release|Any CPU
		{EE41C1D7-4BCA-4F1F-8D62-36A73322FFCF}.Release|Any CPU.Build.0 = Release|Any CPU
		{DB55A247-C62C-425E-9FAA-2E4607D9A056}.Debug|Any CPU.ActiveCfg = Debug|Any CPU
		{DB55A247-C62C-425E-9FAA-2E4607D9A056}.Debug|Any CPU.Build.0 = Debug|Any CPU
		{DB55A247-C62C-425E-9FAA-2E4607D9A056}.Release|Any CPU.ActiveCfg = Release|Any CPU
		{DB55A247-C62C-425E-9FAA-2E4607D9A056}.Release|Any CPU.Build.0 = Release|Any CPU
		{09D33C7E-569C-409B-9322-6BB7F312773F}.Debug|Any CPU.ActiveCfg = Debug|Any CPU
		{09D33C7E-569C-409B-9322-6BB7F312773F}.Debug|Any CPU.Build.0 = Debug|Any CPU
		{09D33C7E-569C-409B-9322-6BB7F312773F}.Release|Any CPU.ActiveCfg = Release|Any CPU
		{09D33C7E-569C-409B-9322-6BB7F312773F}.Release|Any CPU.Build.0 = Release|Any CPU
	EndGlobalSection
	GlobalSection(SolutionProperties) = preSolution
		HideSolutionNode = FALSE
	EndGlobalSection
	GlobalSection(NestedProjects) = preSolution
		{2240CF44-E44F-4FDF-B61B-09A04BDCCD97} = {9D51C8AD-48CD-49D0-9421-CFE46B575793}
		{0DB6A867-7402-4CA3-B305-27E8BCA56413} = {9D51C8AD-48CD-49D0-9421-CFE46B575793}
		{A318FBF9-CD86-4B1A-B9D5-C5EA1DB7AEA6} = {6EB615E4-27B5-492F-BC8A-BF9EBAD4704F}
		{EE41C1D7-4BCA-4F1F-8D62-36A73322FFCF} = {5DAEA9E2-C680-4177-BCF6-9BABE139D365}
		{DB55A247-C62C-425E-9FAA-2E4607D9A056} = {2240CF44-E44F-4FDF-B61B-09A04BDCCD97}
		{09D33C7E-569C-409B-9322-6BB7F312773F} = {7D6F32B5-791F-48BB-94CB-9957580C5055}
	EndGlobalSection
	GlobalSection(ExtensibilityGlobals) = postSolution
		SolutionGuid = {93F7D385-CF6E-40B2-93E0-7EF3CCB38879}
	EndGlobalSection
EndGlobal
