
Microsoft Visual Studio Solution File, Format Version 12.00
# Visual Studio 15
VisualStudioVersion = 15.0.28307.421
MinimumVisualStudioVersion = 10.0.40219.1
Project("{FAE04EC0-301F-11D3-BF4B-00C04F79EFBC}") = "Liskov", "Liskov\Liskov.csproj", "{EA2A78F9-6FD1-42E1-9DE5-0324E41680C0}"
EndProject
Global
	GlobalSection(SolutionConfigurationPlatforms) = preSolution
		Debug|Any CPU = Debug|Any CPU
		Release|Any CPU = Release|Any CPU
	EndGlobalSection
	GlobalSection(ProjectConfigurationPlatforms) = postSolution
		{EA2A78F9-6FD1-42E1-9DE5-0324E41680C0}.Debug|Any CPU.ActiveCfg = Debug|Any CPU
		{EA2A78F9-6FD1-42E1-9DE5-0324E41680C0}.Debug|Any CPU.Build.0 = Debug|Any CPU
		{EA2A78F9-6FD1-42E1-9DE5-0324E41680C0}.Release|Any CPU.ActiveCfg = Release|Any CPU
		{EA2A78F9-6FD1-42E1-9DE5-0324E41680C0}.Release|Any CPU.Build.0 = Release|Any CPU
	EndGlobalSection
	GlobalSection(SolutionProperties) = preSolution
		HideSolutionNode = FALSE
	EndGlobalSection
	GlobalSection(ExtensibilityGlobals) = postSolution
		SolutionGuid = {29520AD5-B423-4A63-87CF-5A4025F35285}
	EndGlobalSection
EndGlobal
